
Microsoft Visual Studio Solution File, Format Version 12.00
# Visual Studio Version 17
VisualStudioVersion = 17.14.36408.4
MinimumVisualStudioVersion = 10.0.40219.1
Project("{2150E333-8FDC-42A3-9474-1A3956D46DE8}") = "01", "01", "{02EA681E-C7D8-13C7-8484-4AC65E1B71E8}"
EndProject
Project("{FAE04EC0-301F-11D3-BF4B-00C04F79EFBC}") = "IsNumberOddOrNot", "IsNumberOddOrNot\IsNumberOddOrNot.csproj", "{3E862168-03A5-42C7-A92B-12820947BB88}"
EndProject
Project("{2150E333-8FDC-42A3-9474-1A3956D46DE8}") = "02", "02", "{87B4E539-0F08-454C-A5A3-009C67666189}"
EndProject
Project("{2150E333-8FDC-42A3-9474-1A3956D46DE8}") = "NewFolder1", "NewFolder1", "{CF63EFD2-CF00-4FA9-B234-A4F7E701BC7B}"
EndProject
Global
	GlobalSection(SolutionConfigurationPlatforms) = preSolution
		Debug|Any CPU = Debug|Any CPU
		Release|Any CPU = Release|Any CPU
	EndGlobalSection
	GlobalSection(ProjectConfigurationPlatforms) = postSolution
		{3E862168-03A5-42C7-A92B-12820947BB88}.Debug|Any CPU.ActiveCfg = Debug|Any CPU
		{3E862168-03A5-42C7-A92B-12820947BB88}.Debug|Any CPU.Build.0 = Debug|Any CPU
		{3E862168-03A5-42C7-A92B-12820947BB88}.Release|Any CPU.ActiveCfg = Release|Any CPU
		{3E862168-03A5-42C7-A92B-12820947BB88}.Release|Any CPU.Build.0 = Release|Any CPU
	EndGlobalSection
	GlobalSection(SolutionProperties) = preSolution
		HideSolutionNode = FALSE
	EndGlobalSection
	GlobalSection(NestedProjects) = preSolution
		{3E862168-03A5-42C7-A92B-12820947BB88} = {02EA681E-C7D8-13C7-8484-4AC65E1B71E8}
		{CF63EFD2-CF00-4FA9-B234-A4F7E701BC7B} = {87B4E539-0F08-454C-A5A3-009C67666189}
	EndGlobalSection
	GlobalSection(ExtensibilityGlobals) = postSolution
		SolutionGuid = {363DEBB7-AA60-42C4-9CF4-FDE94C156B2F}
	EndGlobalSection
EndGlobal
